
Microsoft Visual Studio Solution File, Format Version 12.00
# Visual Studio 15
VisualStudioVersion = 15.0.27428.2043
MinimumVisualStudioVersion = 10.0.40219.1
Project("{9A19103F-16F7-4668-BE54-9A1E7A4F7556}") = "DummySignalR", "DummySignalR\DummySignalR.csproj", "{77904535-B46C-48FB-A725-812F8BE3CB5C}"
EndProject
Project("{9A19103F-16F7-4668-BE54-9A1E7A4F7556}") = "DummySignalRClient", "DummySignalRClient\DummySignalRClient.csproj", "{490CC7BD-B023-40D7-9D9E-42BF5E7FE05C}"
EndProject
Project("{9A19103F-16F7-4668-BE54-9A1E7A4F7556}") = "APIGatewayTest", "APIGatewayTest\APIGatewayTest.csproj", "{99CB60B2-D14B-4686-8173-310B9386AE4A}"
EndProject
Global
	GlobalSection(SolutionConfigurationPlatforms) = preSolution
		Debug|Any CPU = Debug|Any CPU
		Release|Any CPU = Release|Any CPU
	EndGlobalSection
	GlobalSection(ProjectConfigurationPlatforms) = postSolution
		{77904535-B46C-48FB-A725-812F8BE3CB5C}.Debug|Any CPU.ActiveCfg = Debug|Any CPU
		{77904535-B46C-48FB-A725-812F8BE3CB5C}.Debug|Any CPU.Build.0 = Debug|Any CPU
		{77904535-B46C-48FB-A725-812F8BE3CB5C}.Release|Any CPU.ActiveCfg = Release|Any CPU
		{77904535-B46C-48FB-A725-812F8BE3CB5C}.Release|Any CPU.Build.0 = Release|Any CPU
		{490CC7BD-B023-40D7-9D9E-42BF5E7FE05C}.Debug|Any CPU.ActiveCfg = Debug|Any CPU
		{490CC7BD-B023-40D7-9D9E-42BF5E7FE05C}.Debug|Any CPU.Build.0 = Debug|Any CPU
		{490CC7BD-B023-40D7-9D9E-42BF5E7FE05C}.Release|Any CPU.ActiveCfg = Release|Any CPU
		{490CC7BD-B023-40D7-9D9E-42BF5E7FE05C}.Release|Any CPU.Build.0 = Release|Any CPU
		{99CB60B2-D14B-4686-8173-310B9386AE4A}.Debug|Any CPU.ActiveCfg = Debug|Any CPU
		{99CB60B2-D14B-4686-8173-310B9386AE4A}.Debug|Any CPU.Build.0 = Debug|Any CPU
		{99CB60B2-D14B-4686-8173-310B9386AE4A}.Release|Any CPU.ActiveCfg = Release|Any CPU
		{99CB60B2-D14B-4686-8173-310B9386AE4A}.Release|Any CPU.Build.0 = Release|Any CPU
	EndGlobalSection
	GlobalSection(SolutionProperties) = preSolution
		HideSolutionNode = FALSE
	EndGlobalSection
	GlobalSection(ExtensibilityGlobals) = postSolution
		SolutionGuid = {51B24696-BFCD-4E6B-8F8F-677922604E4B}
	EndGlobalSection
EndGlobal
